
Microsoft Visual Studio Solution File, Format Version 12.00
# Visual Studio Version 17
VisualStudioVersion = 17.4.33213.308
MinimumVisualStudioVersion = 10.0.40219.1
Project("{9A19103F-16F7-4668-BE54-9A1E7A4F7556}") = "ICT3101_Calculator", "ICT3101_Calculator\ICT3101_Calculator.csproj", "{341B7CD3-0431-42F7-B1F8-72F2138D855A}"
EndProject
Project("{9A19103F-16F7-4668-BE54-9A1E7A4F7556}") = "ICT3101_Calculator.UnitTests", "ICT3101_Calculator.UnitTests\ICT3101_Calculator.UnitTests.csproj", "{4B35F3F7-A45F-4818-BA3E-93F6E99BEF90}"
EndProject
Project("{FAE04EC0-301F-11D3-BF4B-00C04F79EFBC}") = "SpecFlowCalculatorTests", "SpecFlowCalculatorTests\SpecFlowCalculatorTests.csproj", "{0FB158FB-9DEC-4496-9C5F-1B92AE7ED00A}"
	ProjectSection(ProjectDependencies) = postProject
		{341B7CD3-0431-42F7-B1F8-72F2138D855A} = {341B7CD3-0431-42F7-B1F8-72F2138D855A}
	EndProjectSection
EndProject
Global
	GlobalSection(SolutionConfigurationPlatforms) = preSolution
		Debug|Any CPU = Debug|Any CPU
		Release|Any CPU = Release|Any CPU
	EndGlobalSection
	GlobalSection(ProjectConfigurationPlatforms) = postSolution
		{341B7CD3-0431-42F7-B1F8-72F2138D855A}.Debug|Any CPU.ActiveCfg = Debug|Any CPU
		{341B7CD3-0431-42F7-B1F8-72F2138D855A}.Debug|Any CPU.Build.0 = Debug|Any CPU
		{341B7CD3-0431-42F7-B1F8-72F2138D855A}.Release|Any CPU.ActiveCfg = Release|Any CPU
		{341B7CD3-0431-42F7-B1F8-72F2138D855A}.Release|Any CPU.Build.0 = Release|Any CPU
		{4B35F3F7-A45F-4818-BA3E-93F6E99BEF90}.Debug|Any CPU.ActiveCfg = Debug|Any CPU
		{4B35F3F7-A45F-4818-BA3E-93F6E99BEF90}.Debug|Any CPU.Build.0 = Debug|Any CPU
		{4B35F3F7-A45F-4818-BA3E-93F6E99BEF90}.Release|Any CPU.ActiveCfg = Release|Any CPU
		{4B35F3F7-A45F-4818-BA3E-93F6E99BEF90}.Release|Any CPU.Build.0 = Release|Any CPU
		{0FB158FB-9DEC-4496-9C5F-1B92AE7ED00A}.Debug|Any CPU.ActiveCfg = Debug|Any CPU
		{0FB158FB-9DEC-4496-9C5F-1B92AE7ED00A}.Debug|Any CPU.Build.0 = Debug|Any CPU
		{0FB158FB-9DEC-4496-9C5F-1B92AE7ED00A}.Release|Any CPU.ActiveCfg = Release|Any CPU
		{0FB158FB-9DEC-4496-9C5F-1B92AE7ED00A}.Release|Any CPU.Build.0 = Release|Any CPU
	EndGlobalSection
	GlobalSection(SolutionProperties) = preSolution
		HideSolutionNode = FALSE
	EndGlobalSection
	GlobalSection(ExtensibilityGlobals) = postSolution
		SolutionGuid = {A7CA7922-B84F-4A6B-8D97-1290C8CF15EB}
	EndGlobalSection
EndGlobal
